
Microsoft Visual Studio Solution File, Format Version 12.00
# Visual Studio 2013
VisualStudioVersion = 12.0.21005.1
MinimumVisualStudioVersion = 10.0.40219.1
Project("{FAE04EC0-301F-11D3-BF4B-00C04F79EFBC}") = "ReactorBreeder", "ReactorBreeder\ReactorBreeder.csproj", "{E361C3FE-8D3D-496C-8D22-58763FAB4F1A}"
EndProject
Global
	GlobalSection(SolutionConfigurationPlatforms) = preSolution
		Debug|Any CPU = Debug|Any CPU
		Release|Any CPU = Release|Any CPU
	EndGlobalSection
	GlobalSection(ProjectConfigurationPlatforms) = postSolution
		{E361C3FE-8D3D-496C-8D22-58763FAB4F1A}.Debug|Any CPU.ActiveCfg = Debug|Any CPU
		{E361C3FE-8D3D-496C-8D22-58763FAB4F1A}.Debug|Any CPU.Build.0 = Debug|Any CPU
		{E361C3FE-8D3D-496C-8D22-58763FAB4F1A}.Release|Any CPU.ActiveCfg = Release|Any CPU
		{E361C3FE-8D3D-496C-8D22-58763FAB4F1A}.Release|Any CPU.Build.0 = Release|Any CPU
	EndGlobalSection
	GlobalSection(SolutionProperties) = preSolution
		HideSolutionNode = FALSE
	EndGlobalSection
EndGlobal
